
Microsoft Visual Studio Solution File, Format Version 12.00
# Visual Studio Version 16
VisualStudioVersion = 16.0.29519.87
MinimumVisualStudioVersion = 10.0.40219.1
Project("{FAE04EC0-301F-11D3-BF4B-00C04F79EFBC}") = "ConsoleApp1", "ConsoleApp1\ConsoleApp1.csproj", "{EAAC4AFC-445D-458B-B423-1E045AB1AF9D}"
EndProject
Global
	GlobalSection(SolutionConfigurationPlatforms) = preSolution
		Debug|Any CPU = Debug|Any CPU
		Release|Any CPU = Release|Any CPU
	EndGlobalSection
	GlobalSection(ProjectConfigurationPlatforms) = postSolution
		{EAAC4AFC-445D-458B-B423-1E045AB1AF9D}.Debug|Any CPU.ActiveCfg = Debug|Any CPU
		{EAAC4AFC-445D-458B-B423-1E045AB1AF9D}.Debug|Any CPU.Build.0 = Debug|Any CPU
		{EAAC4AFC-445D-458B-B423-1E045AB1AF9D}.Release|Any CPU.ActiveCfg = Release|Any CPU
		{EAAC4AFC-445D-458B-B423-1E045AB1AF9D}.Release|Any CPU.Build.0 = Release|Any CPU
	EndGlobalSection
	GlobalSection(SolutionProperties) = preSolution
		HideSolutionNode = FALSE
	EndGlobalSection
	GlobalSection(ExtensibilityGlobals) = postSolution
		SolutionGuid = {3B581CDB-7163-47BF-BEEC-213AE6C5E49B}
	EndGlobalSection
EndGlobal
